
Microsoft Visual Studio Solution File, Format Version 12.00
# Visual Studio 15
VisualStudioVersion = 15.0.28010.2019
MinimumVisualStudioVersion = 10.0.40219.1
Project("{2150E333-8FDC-42A3-9474-1A3956D46DE8}") = "VacationsDB", "VacationsDB", "{6A2AB0F9-6326-4050-AF51-9DBF3D9A0F81}"
EndProject
Project("{00D1A9C2-B5F0-4AF3-8072-F6C62B433612}") = "VacationsDB", "..\VacationsDB\VacationsDB.sqlproj", "{089E18E9-85A4-4DEB-8284-1DA26E2BCC4B}"
EndProject
Global
	GlobalSection(SolutionConfigurationPlatforms) = preSolution
		Debug|Any CPU = Debug|Any CPU
		Release|Any CPU = Release|Any CPU
	EndGlobalSection
	GlobalSection(ProjectConfigurationPlatforms) = postSolution
		{089E18E9-85A4-4DEB-8284-1DA26E2BCC4B}.Debug|Any CPU.ActiveCfg = Debug|Any CPU
		{089E18E9-85A4-4DEB-8284-1DA26E2BCC4B}.Debug|Any CPU.Build.0 = Debug|Any CPU
		{089E18E9-85A4-4DEB-8284-1DA26E2BCC4B}.Debug|Any CPU.Deploy.0 = Debug|Any CPU
		{089E18E9-85A4-4DEB-8284-1DA26E2BCC4B}.Release|Any CPU.ActiveCfg = Release|Any CPU
		{089E18E9-85A4-4DEB-8284-1DA26E2BCC4B}.Release|Any CPU.Build.0 = Release|Any CPU
		{089E18E9-85A4-4DEB-8284-1DA26E2BCC4B}.Release|Any CPU.Deploy.0 = Release|Any CPU
	EndGlobalSection
	GlobalSection(SolutionProperties) = preSolution
		HideSolutionNode = FALSE
	EndGlobalSection
	GlobalSection(NestedProjects) = preSolution
		{089E18E9-85A4-4DEB-8284-1DA26E2BCC4B} = {6A2AB0F9-6326-4050-AF51-9DBF3D9A0F81}
	EndGlobalSection
	GlobalSection(ExtensibilityGlobals) = postSolution
		SolutionGuid = {96BFDAB7-3598-4ECF-AF55-91BB70ADC001}
	EndGlobalSection
EndGlobal
